// !$*UTF8*$!
{
	archiveVersion = 1;
	classes = {
	};
	objectVersion = 50;
	objects = {

/* Begin PBXBuildFile section */
		F68EEFA3208A709900D02566 /* AppDelegate.swift in Sources */ = {isa = PBXBuildFile; fileRef = F68EEFA2208A709900D02566 /* AppDelegate.swift */; };
		F68EEFA5208A709900D02566 /* BatteryAlertViewController.swift in Sources */ = {isa = PBXBuildFile; fileRef = F68EEFA4208A709900D02566 /* BatteryAlertViewController.swift */; };
		F68EEFAA208A709B00D02566 /* Assets.xcassets in Resources */ = {isa = PBXBuildFile; fileRef = F68EEFA9208A709B00D02566 /* Assets.xcassets */; };
		F68EEFAD208A709B00D02566 /* LaunchScreen.storyboard in Resources */ = {isa = PBXBuildFile; fileRef = F68EEFAB208A709B00D02566 /* LaunchScreen.storyboard */; };
		F68EEFB8208A72A900D02566 /* BatteryMonitor.swift in Sources */ = {isa = PBXBuildFile; fileRef = F68EEFB7208A72A900D02566 /* BatteryMonitor.swift */; };
		F68EEFBA208A7B3300D02566 /* BatteryWidget.swift in Sources */ = {isa = PBXBuildFile; fileRef = F68EEFB9208A7B3300D02566 /* BatteryWidget.swift */; };
		F68EEFBC208A800800D02566 /* BatteryCommunicator.swift in Sources */ = {isa = PBXBuildFile; fileRef = F68EEFBB208A800800D02566 /* BatteryCommunicator.swift */; };
/* End PBXBuildFile section */

/* Begin PBXFileReference section */
		F68EEF9F208A709900D02566 /* BatteryFullAlert.app */ = {isa = PBXFileReference; explicitFileType = wrapper.application; includeInIndex = 0; path = BatteryFullAlert.app; sourceTree = BUILT_PRODUCTS_DIR; };
		F68EEFA2208A709900D02566 /* AppDelegate.swift */ = {isa = PBXFileReference; lastKnownFileType = sourcecode.swift; path = AppDelegate.swift; sourceTree = "<group>"; };
		F68EEFA4208A709900D02566 /* BatteryAlertViewController.swift */ = {isa = PBXFileReference; lastKnownFileType = sourcecode.swift; path = BatteryAlertViewController.swift; sourceTree = "<group>"; };
		F68EEFA9208A709B00D02566 /* Assets.xcassets */ = {isa = PBXFileReference; lastKnownFileType = folder.assetcatalog; path = Assets.xcassets; sourceTree = "<group>"; };
		F68EEFAC208A709B00D02566 /* Base */ = {isa = PBXFileReference; lastKnownFileType = file.storyboard; name = Base; path = Base.lproj/LaunchScreen.storyboard; sourceTree = "<group>"; };
		F68EEFAE208A709B00D02566 /* Info.plist */ = {isa = PBXFileReference; lastKnownFileType = text.plist.xml; path = Info.plist; sourceTree = "<group>"; };
		F68EEFB7208A72A900D02566 /* BatteryMonitor.swift */ = {isa = PBXFileReference; lastKnownFileType = sourcecode.swift; path = BatteryMonitor.swift; sourceTree = "<group>"; };
		F68EEFB9208A7B3300D02566 /* BatteryWidget.swift */ = {isa = PBXFileReference; lastKnownFileType = sourcecode.swift; path = BatteryWidget.swift; sourceTree = "<group>"; };
		F68EEFBB208A800800D02566 /* BatteryCommunicator.swift */ = {isa = PBXFileReference; lastKnownFileType = sourcecode.swift; path = BatteryCommunicator.swift; sourceTree = "<group>"; };
/* End PBXFileReference section */

/* Begin PBXFrameworksBuildPhase section */
		F68EEF9C208A709900D02566 /* Frameworks */ = {
			isa = PBXFrameworksBuildPhase;
			buildActionMask = 2147483647;
			files = (
			);
			runOnlyForDeploymentPostprocessing = 0;
		};
/* End PBXFrameworksBuildPhase section */

/* Begin PBXGroup section */
		F68EEF96208A709900D02566 = {
			isa = PBXGroup;
			children = (
				F68EEFA1208A709900D02566 /* BatteryFullAlert */,
				F68EEFA0208A709900D02566 /* Products */,
			);
			sourceTree = "<group>";
		};
		F68EEFA0208A709900D02566 /* Products */ = {
			isa = PBXGroup;
			children = (
				F68EEF9F208A709900D02566 /* BatteryFullAlert.app */,
			);
			name = Products;
			sourceTree = "<group>";
		};
		F68EEFA1208A709900D02566 /* BatteryFullAlert */ = {
			isa = PBXGroup;
			children = (
				F68EEFA2208A709900D02566 /* AppDelegate.swift */,
				F68EEFB7208A72A900D02566 /* BatteryMonitor.swift */,
				F68EEFA4208A709900D02566 /* BatteryAlertViewController.swift */,
				F68EEFB9208A7B3300D02566 /* BatteryWidget.swift */,
				F68EEFBB208A800800D02566 /* BatteryCommunicator.swift */,
				F68EEFA9208A709B00D02566 /* Assets.xcassets */,
				F68EEFAB208A709B00D02566 /* LaunchScreen.storyboard */,
				F68EEFAE208A709B00D02566 /* Info.plist */,
			);
			path = BatteryFullAlert;
			sourceTree = "<group>";
		};
/* End PBXGroup section */

/* Begin PBXNativeTarget section */
		F68EEF9E208A709900D02566 /* BatteryFullAlert */ = {
			isa = PBXNativeTarget;
			buildConfigurationList = F68EEFB1208A709B00D02566 /* Build configuration list for PBXNativeTarget "BatteryFullAlert" */;
			buildPhases = (
				F68EEF9B208A709900D02566 /* Sources */,
				F68EEF9C208A709900D02566 /* Frameworks */,
				F68EEF9D208A709900D02566 /* Resources */,
			);
			buildRules = (
			);
			dependencies = (
			);
			name = BatteryFullAlert;
			productName = BatteryFullAlert;
			productReference = F68EEF9F208A709900D02566 /* BatteryFullAlert.app */;
			productType = "com.apple.product-type.application";
		};
/* End PBXNativeTarget section */

/* Begin PBXProject section */
		F68EEF97208A709900D02566 /* Project object */ = {
			isa = PBXProject;
			attributes = {
				LastSwiftUpdateCheck = 0930;
				LastUpgradeCheck = 0930;
				ORGANIZATIONNAME = Taniguchi;
				TargetAttributes = {
					F68EEF9E208A709900D02566 = {
						CreatedOnToolsVersion = 9.3;
						SystemCapabilities = {
							com.apple.BackgroundModes = {
								enabled = 1;
							};
						};
					};
				};
			};
			buildConfigurationList = F68EEF9A208A709900D02566 /* Build configuration list for PBXProject "BatteryFullAlert" */;
			compatibilityVersion = "Xcode 9.3";
			developmentRegion = en;
			hasScannedForEncodings = 0;
			knownRegions = (
				en,
				Base,
			);
			mainGroup = F68EEF96208A709900D02566;
			productRefGroup = F68EEFA0208A709900D02566 /* Products */;
			projectDirPath = "";
			projectRoot = "";
			targets = (
				F68EEF9E208A709900D02566 /* BatteryFullAlert */,
			);
		};
/* End PBXProject section */

/* Begin PBXResourcesBuildPhase section */
		F68EEF9D208A709900D02566 /* Resources */ = {
			isa = PBXResourcesBuildPhase;
			buildActionMask = 2147483647;
			files = (
				F68EEFAD208A709B00D02566 /* LaunchScreen.storyboard in Resources */,
				F68EEFAA208A709B00D02566 /* Assets.xcassets in Resources */,
			);
			runOnlyForDeploymentPostprocessing = 0;
		};
/* End PBXResourcesBuildPhase section */

/* Begin PBXSourcesBuildPhase section */
		F68EEF9B208A709900D02566 /* Sources */ = {
			isa = PBXSourcesBuildPhase;
			buildActionMask = 2147483647;
			files = (
				F68EEFBC208A800800D02566 /* BatteryCommunicator.swift in Sources */,
				F68EEFA5208A709900D02566 /* BatteryAlertViewController.swift in Sources */,
				F68EEFBA208A7B3300D02566 /* BatteryWidget.swift in Sources */,
				F68EEFA3208A709900D02566 /* AppDelegate.swift in Sources */,
				F68EEFB8208A72A900D02566 /* BatteryMonitor.swift in Sources */,
			);
			runOnlyForDeploymentPostprocessing = 0;
		};
/* End PBXSourcesBuildPhase section */

/* Begin PBXVariantGroup section */
		F68EEFAB208A709B00D02566 /* LaunchScreen.storyboard */ = {
			isa = PBXVariantGroup;
			children = (
				F68EEFAC208A709B00D02566 /* Base */,
			);
			name = LaunchScreen.storyboard;
			sourceTree = "<group>";
		};
/* End PBXVariantGroup section */

/* Begin XCBuildConfiguration section */
		F68EEFAF208A709B00D02566 /* Debug */ = {
			isa = XCBuildConfiguration;
			buildSettings = {
				ALWAYS_SEARCH_USER_PATHS = NO;
				CLANG_ANALYZER_NONNULL = YES;
				CLANG_ANALYZER_NUMBER_OBJECT_CONVERSION = YES_AGGRESSIVE;
				CLANG_CXX_LANGUAGE_STANDARD = "gnu++14";
				CLANG_CXX_LIBRARY = "libc++";
				CLANG_ENABLE_MODULES = YES;
				CLANG_ENABLE_OBJC_ARC = YES;
				CLANG_ENABLE_OBJC_WEAK = YES;
				CLANG_WARN_BLOCK_CAPTURE_AUTORELEASING = YES;
				CLANG_WARN_BOOL_CONVERSION = YES;
				CLANG_WARN_COMMA = YES;
				CLANG_WARN_CONSTANT_CONVERSION = YES;
				CLANG_WARN_DEPRECATED_OBJC_IMPLEMENTATIONS = YES;
				CLANG_WARN_DIRECT_OBJC_ISA_USAGE = YES_ERROR;
				CLANG_WARN_DOCUMENTATION_COMMENTS = YES;
				CLANG_WARN_EMPTY_BODY = YES;
				CLANG_WARN_ENUM_CONVERSION = YES;
				CLANG_WARN_INFINITE_RECURSION = YES;
				CLANG_WARN_INT_CONVERSION = YES;
				CLANG_WARN_NON_LITERAL_NULL_CONVERSION = YES;
				CLANG_WARN_OBJC_IMPLICIT_RETAIN_SELF = YES;
				CLANG_WARN_OBJC_LITERAL_CONVERSION = YES;
				CLANG_WARN_OBJC_ROOT_CLASS = YES_ERROR;
				CLANG_WARN_RANGE_LOOP_ANALYSIS = YES;
				CLANG_WARN_STRICT_PROTOTYPES = YES;
				CLANG_WARN_SUSPICIOUS_MOVE = YES;
				CLANG_WARN_UNGUARDED_AVAILABILITY = YES_AGGRESSIVE;
				CLANG_WARN_UNREACHABLE_CODE = YES;
				CLANG_WARN__DUPLICATE_METHOD_MATCH = YES;
				CODE_SIGN_IDENTITY = "iPhone Developer";
				COPY_PHASE_STRIP = NO;
				DEBUG_INFORMATION_FORMAT = dwarf;
				ENABLE_STRICT_OBJC_MSGSEND = YES;
				ENABLE_TESTABILITY = YES;
				GCC_C_LANGUAGE_STANDARD = gnu11;
				GCC_DYNAMIC_NO_PIC = NO;
				GCC_NO_COMMON_BLOCKS = YES;
				GCC_OPTIMIZATION_LEVEL = 0;
				GCC_PREPROCESSOR_DEFINITIONS = (
					"DEBUG=1",
					"$(inherited)",
				);
				GCC_WARN_64_TO_32_BIT_CONVERSION = YES;
				GCC_WARN_ABOUT_RETURN_TYPE = YES_ERROR;
				GCC_WARN_UNDECLARED_SELECTOR = YES;
				GCC_WARN_UNINITIALIZED_AUTOS = YES_AGGRESSIVE;
				GCC_WARN_UNUSED_FUNCTION = YES;
				GCC_WARN_UNUSED_VARIABLE = YES;
				IPHONEOS_DEPLOYMENT_TARGET = 11.3;
				MTL_ENABLE_DEBUG_INFO = YES;
				ONLY_ACTIVE_ARCH = YES;
				SDKROOT = iphoneos;
				SWIFT_ACTIVE_COMPILATION_CONDITIONS = DEBUG;
				SWIFT_OPTIMIZATION_LEVEL = "-Onone";
			};
			name = Debug;
		};
		F68EEFB0208A709B00D02566 /* Release */ = {
			isa = XCBuildConfiguration;
			buildSettings = {
				ALWAYS_SEARCH_USER_PATHS = NO;
				CLANG_ANALYZER_NONNULL = YES;
				CLANG_ANALYZER_NUMBER_OBJECT_CONVERSION = YES_AGGRESSIVE;
				CLANG_CXX_LANGUAGE_STANDARD = "gnu++14";
				CLANG_CXX_LIBRARY = "libc++";
				CLANG_ENABLE_MODULES = YES;
				CLANG_ENABLE_OBJC_ARC = YES;
				CLANG_ENABLE_OBJC_WEAK = YES;
				CLANG_WARN_BLOCK_CAPTURE_AUTORELEASING = YES;
				CLANG_WARN_BOOL_CONVERSION = YES;
				CLANG_WARN_COMMA = YES;
				CLANG_WARN_CONSTANT_CONVERSION = YES;
				CLANG_WARN_DEPRECATED_OBJC_IMPLEMENTATIONS = YES;
				CLANG_WARN_DIRECT_OBJC_ISA_USAGE = YES_ERROR;
				CLANG_WARN_DOCUMENTATION_COMMENTS = YES;
				CLANG_WARN_EMPTY_BODY = YES;
				CLANG_WARN_ENUM_CONVERSION = YES;
				CLANG_WARN_INFINITE_RECURSION = YES;
				CLANG_WARN_INT_CONVERSION = YES;
				CLANG_WARN_NON_LITERAL_NULL_CONVERSION = YES;
				CLANG_WARN_OBJC_IMPLICIT_RETAIN_SELF = YES;
				CLANG_WARN_OBJC_LITERAL_CONVERSION = YES;
				CLANG_WARN_OBJC_ROOT_CLASS = YES_ERROR;
				CLANG_WARN_RANGE_LOOP_ANALYSIS = YES;
				CLANG_WARN_STRICT_PROTOTYPES = YES;
				CLANG_WARN_SUSPICIOUS_MOVE = YES;
				CLANG_WARN_UNGUARDED_AVAILABILITY = YES_AGGRESSIVE;
				CLANG_WARN_UNREACHABLE_CODE = YES;
				CLANG_WARN__DUPLICATE_METHOD_MATCH = YES;
				CODE_SIGN_IDENTITY = "iPhone Developer";
				COPY_PHASE_STRIP = NO;
				DEBUG_INFORMATION_FORMAT = "dwarf-with-dsym";
				ENABLE_NS_ASSERTIONS = NO;
				ENABLE_STRICT_OBJC_MSGSEND = YES;
				GCC_C_LANGUAGE_STANDARD = gnu11;
				GCC_NO_COMMON_BLOCKS = YES;
				GCC_WARN_64_TO_32_BIT_CONVERSION = YES;
				GCC_WARN_ABOUT_RETURN_TYPE = YES_ERROR;
				GCC_WARN_UNDECLARED_SELECTOR = YES;
				GCC_WARN_UNINITIALIZED_AUTOS = YES_AGGRESSIVE;
				GCC_WARN_UNUSED_FUNCTION = YES;
				GCC_WARN_UNUSED_VARIABLE = YES;
				IPHONEOS_DEPLOYMENT_TARGET = 11.3;
				MTL_ENABLE_DEBUG_INFO = NO;
				SDKROOT = iphoneos;
				SWIFT_COMPILATION_MODE = wholemodule;
				SWIFT_OPTIMIZATION_LEVEL = "-O";
				VALIDATE_PRODUCT = YES;
			};
			name = Release;
		};
		F68EEFB2208A709B00D02566 /* Debug */ = {
			isa = XCBuildConfiguration;
			buildSettings = {
				ASSETCATALOG_COMPILER_APPICON_NAME = AppIcon;
				CODE_SIGN_STYLE = Automatic;
				DEVELOPMENT_TEAM = 3B3FT42G96;
				INFOPLIST_FILE = BatteryFullAlert/Info.plist;
				LD_RUNPATH_SEARCH_PATHS = (
					"$(inherited)",
					"@executable_path/Frameworks",
				);
				PRODUCT_BUNDLE_IDENTIFIER = com.taniguchi.BatteryFullAlert;
				PRODUCT_NAME = "$(TARGET_NAME)";
				SWIFT_VERSION = 4.0;
				TARGETED_DEVICE_FAMILY = 1;
			};
			name = Debug;
		};
		F68EEFB3208A709B00D02566 /* Release */ = {
			isa = XCBuildConfiguration;
			buildSettings = {
				ASSETCATALOG_COMPILER_APPICON_NAME = AppIcon;
				CODE_SIGN_STYLE = Automatic;
				DEVELOPMENT_TEAM = 3B3FT42G96;
				INFOPLIST_FILE = BatteryFullAlert/Info.plist;
				LD_RUNPATH_SEARCH_PATHS = (
					"$(inherited)",
					"@executable_path/Frameworks",
				);
				PRODUCT_BUNDLE_IDENTIFIER = com.taniguchi.BatteryFullAlert;
				PRODUCT_NAME = "$(TARGET_NAME)";
				SWIFT_VERSION = 4.0;
				TARGETED_DEVICE_FAMILY = 1;
			};
			name = Release;
		};
/* End XCBuildConfiguration section */

/* Begin XCConfigurationList section */
		F68EEF9A208A709900D02566 /* Build configuration list for PBXProject "BatteryFullAlert" */ = {
			isa = XCConfigurationList;
			buildConfigurations = (
				F68EEFAF208A709B00D02566 /* Debug */,
				F68EEFB0208A709B00D02566 /* Release */,
			);
			defaultConfigurationIsVisible = 0;
			defaultConfigurationName = Release;
		};
		F68EEFB1208A709B00D02566 /* Build configuration list for PBXNativeTarget "BatteryFullAlert" */ = {
			isa = XCConfigurationList;
			buildConfigurations = (
				F68EEFB2208A709B00D02566 /* Debug */,
				F68EEFB3208A709B00D02566 /* Release */,
			);
			defaultConfigurationIsVisible = 0;
			defaultConfigurationName = Release;
		};
/* End XCConfigurationList section */
	};
	rootObject = F68EEF97208A709900D02566 /* Project object */;
}
